
Microsoft Visual Studio Solution File, Format Version 12.00
# Visual Studio Version 17
VisualStudioVersion = 17.3.32819.101
MinimumVisualStudioVersion = 10.0.40219.1
Project("{FAE04EC0-301F-11D3-BF4B-00C04F79EFBC}") = "EmployeeRecordSystem", "EmployeeRecordSystem\EmployeeRecordSystem.csproj", "{8D33547E-4713-4242-9A08-EF3DAEADC693}"
EndProject
Global
	GlobalSection(SolutionConfigurationPlatforms) = preSolution
		Debug|Any CPU = Debug|Any CPU
		Release|Any CPU = Release|Any CPU
	EndGlobalSection
	GlobalSection(ProjectConfigurationPlatforms) = postSolution
		{8D33547E-4713-4242-9A08-EF3DAEADC693}.Debug|Any CPU.ActiveCfg = Debug|Any CPU
		{8D33547E-4713-4242-9A08-EF3DAEADC693}.Debug|Any CPU.Build.0 = Debug|Any CPU
		{8D33547E-4713-4242-9A08-EF3DAEADC693}.Release|Any CPU.ActiveCfg = Release|Any CPU
		{8D33547E-4713-4242-9A08-EF3DAEADC693}.Release|Any CPU.Build.0 = Release|Any CPU
	EndGlobalSection
	GlobalSection(SolutionProperties) = preSolution
		HideSolutionNode = FALSE
	EndGlobalSection
	GlobalSection(ExtensibilityGlobals) = postSolution
		SolutionGuid = {56D0A474-3A80-4C0D-BF30-66DD285A8A16}
	EndGlobalSection
EndGlobal
